
Microsoft Visual Studio Solution File, Format Version 12.00
# Visual Studio Version 17
VisualStudioVersion = 17.0.31903.59
MinimumVisualStudioVersion = 10.0.40219.1
Project("{FAE04EC0-301F-11D3-BF4B-00C04F79EFBC}") = "Common", "Common\Common.csproj", "{E6846382-5293-4475-894C-B8EC143B5224}"
EndProject
Project("{FAE04EC0-301F-11D3-BF4B-00C04F79EFBC}") = "Problems", "Problems\Problems.csproj", "{498C70AB-D018-48FA-B4BB-9C3AA9A5F2D6}"
EndProject
Project("{FAE04EC0-301F-11D3-BF4B-00C04F79EFBC}") = "ProblemRunner", "ProblemRunner\ProblemRunner.csproj", "{0C28E4B0-173D-4F9D-A8EE-689771261B5F}"
EndProject
Project("{FAE04EC0-301F-11D3-BF4B-00C04F79EFBC}") = "Test", "Test\Test.csproj", "{03E2A244-26B7-4AED-8DAF-56D086CF0C5C}"
EndProject
Global
	GlobalSection(SolutionConfigurationPlatforms) = preSolution
		Debug|Any CPU = Debug|Any CPU
		Release|Any CPU = Release|Any CPU
	EndGlobalSection
	GlobalSection(ProjectConfigurationPlatforms) = postSolution
		{E6846382-5293-4475-894C-B8EC143B5224}.Debug|Any CPU.ActiveCfg = Debug|Any CPU
		{E6846382-5293-4475-894C-B8EC143B5224}.Debug|Any CPU.Build.0 = Debug|Any CPU
		{E6846382-5293-4475-894C-B8EC143B5224}.Release|Any CPU.ActiveCfg = Release|Any CPU
		{E6846382-5293-4475-894C-B8EC143B5224}.Release|Any CPU.Build.0 = Release|Any CPU
		{498C70AB-D018-48FA-B4BB-9C3AA9A5F2D6}.Debug|Any CPU.ActiveCfg = Debug|Any CPU
		{498C70AB-D018-48FA-B4BB-9C3AA9A5F2D6}.Debug|Any CPU.Build.0 = Debug|Any CPU
		{498C70AB-D018-48FA-B4BB-9C3AA9A5F2D6}.Release|Any CPU.ActiveCfg = Release|Any CPU
		{498C70AB-D018-48FA-B4BB-9C3AA9A5F2D6}.Release|Any CPU.Build.0 = Release|Any CPU
		{0C28E4B0-173D-4F9D-A8EE-689771261B5F}.Debug|Any CPU.ActiveCfg = Debug|Any CPU
		{0C28E4B0-173D-4F9D-A8EE-689771261B5F}.Debug|Any CPU.Build.0 = Debug|Any CPU
		{0C28E4B0-173D-4F9D-A8EE-689771261B5F}.Release|Any CPU.ActiveCfg = Release|Any CPU
		{0C28E4B0-173D-4F9D-A8EE-689771261B5F}.Release|Any CPU.Build.0 = Release|Any CPU
		{03E2A244-26B7-4AED-8DAF-56D086CF0C5C}.Debug|Any CPU.ActiveCfg = Debug|Any CPU
		{03E2A244-26B7-4AED-8DAF-56D086CF0C5C}.Debug|Any CPU.Build.0 = Debug|Any CPU
		{03E2A244-26B7-4AED-8DAF-56D086CF0C5C}.Release|Any CPU.ActiveCfg = Release|Any CPU
		{03E2A244-26B7-4AED-8DAF-56D086CF0C5C}.Release|Any CPU.Build.0 = Release|Any CPU
	EndGlobalSection
	GlobalSection(SolutionProperties) = preSolution
		HideSolutionNode = FALSE
	EndGlobalSection
EndGlobal
