
Microsoft Visual Studio Solution File, Format Version 12.00
# Visual Studio Version 17
VisualStudioVersion = 17.4.33122.133
MinimumVisualStudioVersion = 10.0.40219.1
Project("{FAE04EC0-301F-11D3-BF4B-00C04F79EFBC}") = "Day01", "Day01\Day01.csproj", "{136787E3-D8C4-46A5-95D3-A3C1445DDD91}"
EndProject
Project("{FAE04EC0-301F-11D3-BF4B-00C04F79EFBC}") = "Common", "Common\Common.csproj", "{778E7D37-9764-4978-92E6-0689926A0B26}"
EndProject
Project("{FAE04EC0-301F-11D3-BF4B-00C04F79EFBC}") = "Day02", "Day02\Day02.csproj", "{C819793D-F534-4ABD-8A19-4F115B2B8605}"
EndProject
Project("{FAE04EC0-301F-11D3-BF4B-00C04F79EFBC}") = "Day03", "Day03\Day03.csproj", "{518C01FD-2FCA-42EB-959D-DB7F54793F7D}"
EndProject
Project("{FAE04EC0-301F-11D3-BF4B-00C04F79EFBC}") = "Day04", "Day04\Day04.csproj", "{FF5DAABC-F8F6-47B5-A869-F4B805626942}"
EndProject
Global
	GlobalSection(SolutionConfigurationPlatforms) = preSolution
		Debug|Any CPU = Debug|Any CPU
		Release|Any CPU = Release|Any CPU
	EndGlobalSection
	GlobalSection(ProjectConfigurationPlatforms) = postSolution
		{136787E3-D8C4-46A5-95D3-A3C1445DDD91}.Debug|Any CPU.ActiveCfg = Debug|Any CPU
		{136787E3-D8C4-46A5-95D3-A3C1445DDD91}.Debug|Any CPU.Build.0 = Debug|Any CPU
		{136787E3-D8C4-46A5-95D3-A3C1445DDD91}.Release|Any CPU.ActiveCfg = Release|Any CPU
		{136787E3-D8C4-46A5-95D3-A3C1445DDD91}.Release|Any CPU.Build.0 = Release|Any CPU
		{778E7D37-9764-4978-92E6-0689926A0B26}.Debug|Any CPU.ActiveCfg = Debug|Any CPU
		{778E7D37-9764-4978-92E6-0689926A0B26}.Debug|Any CPU.Build.0 = Debug|Any CPU
		{778E7D37-9764-4978-92E6-0689926A0B26}.Release|Any CPU.ActiveCfg = Release|Any CPU
		{778E7D37-9764-4978-92E6-0689926A0B26}.Release|Any CPU.Build.0 = Release|Any CPU
		{C819793D-F534-4ABD-8A19-4F115B2B8605}.Debug|Any CPU.ActiveCfg = Debug|Any CPU
		{C819793D-F534-4ABD-8A19-4F115B2B8605}.Debug|Any CPU.Build.0 = Debug|Any CPU
		{C819793D-F534-4ABD-8A19-4F115B2B8605}.Release|Any CPU.ActiveCfg = Release|Any CPU
		{C819793D-F534-4ABD-8A19-4F115B2B8605}.Release|Any CPU.Build.0 = Release|Any CPU
		{518C01FD-2FCA-42EB-959D-DB7F54793F7D}.Debug|Any CPU.ActiveCfg = Debug|Any CPU
		{518C01FD-2FCA-42EB-959D-DB7F54793F7D}.Debug|Any CPU.Build.0 = Debug|Any CPU
		{518C01FD-2FCA-42EB-959D-DB7F54793F7D}.Release|Any CPU.ActiveCfg = Release|Any CPU
		{518C01FD-2FCA-42EB-959D-DB7F54793F7D}.Release|Any CPU.Build.0 = Release|Any CPU
		{FF5DAABC-F8F6-47B5-A869-F4B805626942}.Debug|Any CPU.ActiveCfg = Debug|Any CPU
		{FF5DAABC-F8F6-47B5-A869-F4B805626942}.Debug|Any CPU.Build.0 = Debug|Any CPU
		{FF5DAABC-F8F6-47B5-A869-F4B805626942}.Release|Any CPU.ActiveCfg = Release|Any CPU
		{FF5DAABC-F8F6-47B5-A869-F4B805626942}.Release|Any CPU.Build.0 = Release|Any CPU
	EndGlobalSection
	GlobalSection(SolutionProperties) = preSolution
		HideSolutionNode = FALSE
	EndGlobalSection
	GlobalSection(ExtensibilityGlobals) = postSolution
		SolutionGuid = {580621AC-2EF2-4A19-AFDD-FE70373E6E76}
	EndGlobalSection
EndGlobal
